// !$*UTF8*$!
{
	archiveVersion = 1;
	classes = {
	};
	objectVersion = 50;
	objects = {

/* Begin PBXBuildFile section */
		F36804EA23DEE7CA0054361A /* AppDelegate.swift in Sources */ = {isa = PBXBuildFile; fileRef = F36804E923DEE7CA0054361A /* AppDelegate.swift */; };
		F36804EC23DEE7CA0054361A /* SceneDelegate.swift in Sources */ = {isa = PBXBuildFile; fileRef = F36804EB23DEE7CA0054361A /* SceneDelegate.swift */; };
		F36804EE23DEE7CA0054361A /* WKWebViewController.swift in Sources */ = {isa = PBXBuildFile; fileRef = F36804ED23DEE7CA0054361A /* WKWebViewController.swift */; };
		F36804F123DEE7CA0054361A /* Main.storyboard in Resources */ = {isa = PBXBuildFile; fileRef = F36804EF23DEE7CA0054361A /* Main.storyboard */; };
		F36804F323DEE7CD0054361A /* Assets.xcassets in Resources */ = {isa = PBXBuildFile; fileRef = F36804F223DEE7CD0054361A /* Assets.xcassets */; };
		F36804F623DEE7CD0054361A /* LaunchScreen.storyboard in Resources */ = {isa = PBXBuildFile; fileRef = F36804F423DEE7CD0054361A /* LaunchScreen.storyboard */; };
		F36804FE23DEFC630054361A /* WebsitesTableViewController.swift in Sources */ = {isa = PBXBuildFile; fileRef = F36804FD23DEFC630054361A /* WebsitesTableViewController.swift */; };
		F368050423DF28900054361A /* WebSite.swift in Sources */ = {isa = PBXBuildFile; fileRef = F368050323DF28900054361A /* WebSite.swift */; };
/* End PBXBuildFile section */

/* Begin PBXFileReference section */
		F36804E623DEE7CA0054361A /* WKWebViewAndUIAlertCOntroller.app */ = {isa = PBXFileReference; explicitFileType = wrapper.application; includeInIndex = 0; path = WKWebViewAndUIAlertCOntroller.app; sourceTree = BUILT_PRODUCTS_DIR; };
		F36804E923DEE7CA0054361A /* AppDelegate.swift */ = {isa = PBXFileReference; lastKnownFileType = sourcecode.swift; path = AppDelegate.swift; sourceTree = "<group>"; };
		F36804EB23DEE7CA0054361A /* SceneDelegate.swift */ = {isa = PBXFileReference; lastKnownFileType = sourcecode.swift; path = SceneDelegate.swift; sourceTree = "<group>"; };
		F36804ED23DEE7CA0054361A /* WKWebViewController.swift */ = {isa = PBXFileReference; lastKnownFileType = sourcecode.swift; path = WKWebViewController.swift; sourceTree = "<group>"; };
		F36804F023DEE7CA0054361A /* Base */ = {isa = PBXFileReference; lastKnownFileType = file.storyboard; name = Base; path = Base.lproj/Main.storyboard; sourceTree = "<group>"; };
		F36804F223DEE7CD0054361A /* Assets.xcassets */ = {isa = PBXFileReference; lastKnownFileType = folder.assetcatalog; path = Assets.xcassets; sourceTree = "<group>"; };
		F36804F523DEE7CD0054361A /* Base */ = {isa = PBXFileReference; lastKnownFileType = file.storyboard; name = Base; path = Base.lproj/LaunchScreen.storyboard; sourceTree = "<group>"; };
		F36804F723DEE7CD0054361A /* Info.plist */ = {isa = PBXFileReference; lastKnownFileType = text.plist.xml; path = Info.plist; sourceTree = "<group>"; };
		F36804FD23DEFC630054361A /* WebsitesTableViewController.swift */ = {isa = PBXFileReference; lastKnownFileType = sourcecode.swift; path = WebsitesTableViewController.swift; sourceTree = "<group>"; };
		F368050323DF28900054361A /* WebSite.swift */ = {isa = PBXFileReference; lastKnownFileType = sourcecode.swift; path = WebSite.swift; sourceTree = "<group>"; };
/* End PBXFileReference section */

/* Begin PBXFrameworksBuildPhase section */
		F36804E323DEE7CA0054361A /* Frameworks */ = {
			isa = PBXFrameworksBuildPhase;
			buildActionMask = 2147483647;
			files = (
			);
			runOnlyForDeploymentPostprocessing = 0;
		};
/* End PBXFrameworksBuildPhase section */

/* Begin PBXGroup section */
		F36804DD23DEE7CA0054361A = {
			isa = PBXGroup;
			children = (
				F36804E823DEE7CA0054361A /* WKWebViewAndUIAlertCOntroller */,
				F36804E723DEE7CA0054361A /* Products */,
			);
			sourceTree = "<group>";
		};
		F36804E723DEE7CA0054361A /* Products */ = {
			isa = PBXGroup;
			children = (
				F36804E623DEE7CA0054361A /* WKWebViewAndUIAlertCOntroller.app */,
			);
			name = Products;
			sourceTree = "<group>";
		};
		F36804E823DEE7CA0054361A /* WKWebViewAndUIAlertCOntroller */ = {
			isa = PBXGroup;
			children = (
				F368050823DF2F430054361A /* SupportingFiles */,
				F368050523DF2EDB0054361A /* Controller */,
				F368050623DF2F300054361A /* View */,
				F368050723DF2F380054361A /* Model */,
				F36804F723DEE7CD0054361A /* Info.plist */,
			);
			path = WKWebViewAndUIAlertCOntroller;
			sourceTree = "<group>";
		};
		F368050523DF2EDB0054361A /* Controller */ = {
			isa = PBXGroup;
			children = (
				F36804ED23DEE7CA0054361A /* WKWebViewController.swift */,
				F36804FD23DEFC630054361A /* WebsitesTableViewController.swift */,
			);
			path = Controller;
			sourceTree = "<group>";
		};
		F368050623DF2F300054361A /* View */ = {
			isa = PBXGroup;
			children = (
				F36804EF23DEE7CA0054361A /* Main.storyboard */,
			);
			path = View;
			sourceTree = "<group>";
		};
		F368050723DF2F380054361A /* Model */ = {
			isa = PBXGroup;
			children = (
				F368050323DF28900054361A /* WebSite.swift */,
			);
			path = Model;
			sourceTree = "<group>";
		};
		F368050823DF2F430054361A /* SupportingFiles */ = {
			isa = PBXGroup;
			children = (
				F36804E923DEE7CA0054361A /* AppDelegate.swift */,
				F36804EB23DEE7CA0054361A /* SceneDelegate.swift */,
				F36804F223DEE7CD0054361A /* Assets.xcassets */,
				F36804F423DEE7CD0054361A /* LaunchScreen.storyboard */,
			);
			path = SupportingFiles;
			sourceTree = "<group>";
		};
/* End PBXGroup section */

/* Begin PBXNativeTarget section */
		F36804E523DEE7CA0054361A /* WKWebViewAndUIAlertCOntroller */ = {
			isa = PBXNativeTarget;
			buildConfigurationList = F36804FA23DEE7CD0054361A /* Build configuration list for PBXNativeTarget "WKWebViewAndUIAlertCOntroller" */;
			buildPhases = (
				F36804E223DEE7CA0054361A /* Sources */,
				F36804E323DEE7CA0054361A /* Frameworks */,
				F36804E423DEE7CA0054361A /* Resources */,
			);
			buildRules = (
			);
			dependencies = (
			);
			name = WKWebViewAndUIAlertCOntroller;
			productName = WKWebViewAndUIAlertCOntroller;
			productReference = F36804E623DEE7CA0054361A /* WKWebViewAndUIAlertCOntroller.app */;
			productType = "com.apple.product-type.application";
		};
/* End PBXNativeTarget section */

/* Begin PBXProject section */
		F36804DE23DEE7CA0054361A /* Project object */ = {
			isa = PBXProject;
			attributes = {
				LastSwiftUpdateCheck = 1120;
				LastUpgradeCheck = 1120;
				ORGANIZATIONNAME = "Elena Kulakova";
				TargetAttributes = {
					F36804E523DEE7CA0054361A = {
						CreatedOnToolsVersion = 11.2.1;
					};
				};
			};
			buildConfigurationList = F36804E123DEE7CA0054361A /* Build configuration list for PBXProject "WKWebViewAndUIAlertCOntroller" */;
			compatibilityVersion = "Xcode 9.3";
			developmentRegion = en;
			hasScannedForEncodings = 0;
			knownRegions = (
				en,
				Base,
			);
			mainGroup = F36804DD23DEE7CA0054361A;
			productRefGroup = F36804E723DEE7CA0054361A /* Products */;
			projectDirPath = "";
			projectRoot = "";
			targets = (
				F36804E523DEE7CA0054361A /* WKWebViewAndUIAlertCOntroller */,
			);
		};
/* End PBXProject section */

/* Begin PBXResourcesBuildPhase section */
		F36804E423DEE7CA0054361A /* Resources */ = {
			isa = PBXResourcesBuildPhase;
			buildActionMask = 2147483647;
			files = (
				F36804F623DEE7CD0054361A /* LaunchScreen.storyboard in Resources */,
				F36804F323DEE7CD0054361A /* Assets.xcassets in Resources */,
				F36804F123DEE7CA0054361A /* Main.storyboard in Resources */,
			);
			runOnlyForDeploymentPostprocessing = 0;
		};
/* End PBXResourcesBuildPhase section */

/* Begin PBXSourcesBuildPhase section */
		F36804E223DEE7CA0054361A /* Sources */ = {
			isa = PBXSourcesBuildPhase;
			buildActionMask = 2147483647;
			files = (
				F36804EE23DEE7CA0054361A /* WKWebViewController.swift in Sources */,
				F36804EA23DEE7CA0054361A /* AppDelegate.swift in Sources */,
				F36804EC23DEE7CA0054361A /* SceneDelegate.swift in Sources */,
				F368050423DF28900054361A /* WebSite.swift in Sources */,
				F36804FE23DEFC630054361A /* WebsitesTableViewController.swift in Sources */,
			);
			runOnlyForDeploymentPostprocessing = 0;
		};
/* End PBXSourcesBuildPhase section */

/* Begin PBXVariantGroup section */
		F36804EF23DEE7CA0054361A /* Main.storyboard */ = {
			isa = PBXVariantGroup;
			children = (
				F36804F023DEE7CA0054361A /* Base */,
			);
			name = Main.storyboard;
			sourceTree = "<group>";
		};
		F36804F423DEE7CD0054361A /* LaunchScreen.storyboard */ = {
			isa = PBXVariantGroup;
			children = (
				F36804F523DEE7CD0054361A /* Base */,
			);
			name = LaunchScreen.storyboard;
			sourceTree = "<group>";
		};
/* End PBXVariantGroup section */

/* Begin XCBuildConfiguration section */
		F36804F823DEE7CD0054361A /* Debug */ = {
			isa = XCBuildConfiguration;
			buildSettings = {
				ALWAYS_SEARCH_USER_PATHS = NO;
				CLANG_ANALYZER_NONNULL = YES;
				CLANG_ANALYZER_NUMBER_OBJECT_CONVERSION = YES_AGGRESSIVE;
				CLANG_CXX_LANGUAGE_STANDARD = "gnu++14";
				CLANG_CXX_LIBRARY = "libc++";
				CLANG_ENABLE_MODULES = YES;
				CLANG_ENABLE_OBJC_ARC = YES;
				CLANG_ENABLE_OBJC_WEAK = YES;
				CLANG_WARN_BLOCK_CAPTURE_AUTORELEASING = YES;
				CLANG_WARN_BOOL_CONVERSION = YES;
				CLANG_WARN_COMMA = YES;
				CLANG_WARN_CONSTANT_CONVERSION = YES;
				CLANG_WARN_DEPRECATED_OBJC_IMPLEMENTATIONS = YES;
				CLANG_WARN_DIRECT_OBJC_ISA_USAGE = YES_ERROR;
				CLANG_WARN_DOCUMENTATION_COMMENTS = YES;
				CLANG_WARN_EMPTY_BODY = YES;
				CLANG_WARN_ENUM_CONVERSION = YES;
				CLANG_WARN_INFINITE_RECURSION = YES;
				CLANG_WARN_INT_CONVERSION = YES;
				CLANG_WARN_NON_LITERAL_NULL_CONVERSION = YES;
				CLANG_WARN_OBJC_IMPLICIT_RETAIN_SELF = YES;
				CLANG_WARN_OBJC_LITERAL_CONVERSION = YES;
				CLANG_WARN_OBJC_ROOT_CLASS = YES_ERROR;
				CLANG_WARN_RANGE_LOOP_ANALYSIS = YES;
				CLANG_WARN_STRICT_PROTOTYPES = YES;
				CLANG_WARN_SUSPICIOUS_MOVE = YES;
				CLANG_WARN_UNGUARDED_AVAILABILITY = YES_AGGRESSIVE;
				CLANG_WARN_UNREACHABLE_CODE = YES;
				CLANG_WARN__DUPLICATE_METHOD_MATCH = YES;
				COPY_PHASE_STRIP = NO;
				DEBUG_INFORMATION_FORMAT = dwarf;
				ENABLE_STRICT_OBJC_MSGSEND = YES;
				ENABLE_TESTABILITY = YES;
				GCC_C_LANGUAGE_STANDARD = gnu11;
				GCC_DYNAMIC_NO_PIC = NO;
				GCC_NO_COMMON_BLOCKS = YES;
				GCC_OPTIMIZATION_LEVEL = 0;
				GCC_PREPROCESSOR_DEFINITIONS = (
					"DEBUG=1",
					"$(inherited)",
				);
				GCC_WARN_64_TO_32_BIT_CONVERSION = YES;
				GCC_WARN_ABOUT_RETURN_TYPE = YES_ERROR;
				GCC_WARN_UNDECLARED_SELECTOR = YES;
				GCC_WARN_UNINITIALIZED_AUTOS = YES_AGGRESSIVE;
				GCC_WARN_UNUSED_FUNCTION = YES;
				GCC_WARN_UNUSED_VARIABLE = YES;
				IPHONEOS_DEPLOYMENT_TARGET = 13.2;
				MTL_ENABLE_DEBUG_INFO = INCLUDE_SOURCE;
				MTL_FAST_MATH = YES;
				ONLY_ACTIVE_ARCH = YES;
				SDKROOT = iphoneos;
				SWIFT_ACTIVE_COMPILATION_CONDITIONS = DEBUG;
				SWIFT_OPTIMIZATION_LEVEL = "-Onone";
			};
			name = Debug;
		};
		F36804F923DEE7CD0054361A /* Release */ = {
			isa = XCBuildConfiguration;
			buildSettings = {
				ALWAYS_SEARCH_USER_PATHS = NO;
				CLANG_ANALYZER_NONNULL = YES;
				CLANG_ANALYZER_NUMBER_OBJECT_CONVERSION = YES_AGGRESSIVE;
				CLANG_CXX_LANGUAGE_STANDARD = "gnu++14";
				CLANG_CXX_LIBRARY = "libc++";
				CLANG_ENABLE_MODULES = YES;
				CLANG_ENABLE_OBJC_ARC = YES;
				CLANG_ENABLE_OBJC_WEAK = YES;
				CLANG_WARN_BLOCK_CAPTURE_AUTORELEASING = YES;
				CLANG_WARN_BOOL_CONVERSION = YES;
				CLANG_WARN_COMMA = YES;
				CLANG_WARN_CONSTANT_CONVERSION = YES;
				CLANG_WARN_DEPRECATED_OBJC_IMPLEMENTATIONS = YES;
				CLANG_WARN_DIRECT_OBJC_ISA_USAGE = YES_ERROR;
				CLANG_WARN_DOCUMENTATION_COMMENTS = YES;
				CLANG_WARN_EMPTY_BODY = YES;
				CLANG_WARN_ENUM_CONVERSION = YES;
				CLANG_WARN_INFINITE_RECURSION = YES;
				CLANG_WARN_INT_CONVERSION = YES;
				CLANG_WARN_NON_LITERAL_NULL_CONVERSION = YES;
				CLANG_WARN_OBJC_IMPLICIT_RETAIN_SELF = YES;
				CLANG_WARN_OBJC_LITERAL_CONVERSION = YES;
				CLANG_WARN_OBJC_ROOT_CLASS = YES_ERROR;
				CLANG_WARN_RANGE_LOOP_ANALYSIS = YES;
				CLANG_WARN_STRICT_PROTOTYPES = YES;
				CLANG_WARN_SUSPICIOUS_MOVE = YES;
				CLANG_WARN_UNGUARDED_AVAILABILITY = YES_AGGRESSIVE;
				CLANG_WARN_UNREACHABLE_CODE = YES;
				CLANG_WARN__DUPLICATE_METHOD_MATCH = YES;
				COPY_PHASE_STRIP = NO;
				DEBUG_INFORMATION_FORMAT = "dwarf-with-dsym";
				ENABLE_NS_ASSERTIONS = NO;
				ENABLE_STRICT_OBJC_MSGSEND = YES;
				GCC_C_LANGUAGE_STANDARD = gnu11;
				GCC_NO_COMMON_BLOCKS = YES;
				GCC_WARN_64_TO_32_BIT_CONVERSION = YES;
				GCC_WARN_ABOUT_RETURN_TYPE = YES_ERROR;
				GCC_WARN_UNDECLARED_SELECTOR = YES;
				GCC_WARN_UNINITIALIZED_AUTOS = YES_AGGRESSIVE;
				GCC_WARN_UNUSED_FUNCTION = YES;
				GCC_WARN_UNUSED_VARIABLE = YES;
				IPHONEOS_DEPLOYMENT_TARGET = 13.2;
				MTL_ENABLE_DEBUG_INFO = NO;
				MTL_FAST_MATH = YES;
				SDKROOT = iphoneos;
				SWIFT_COMPILATION_MODE = wholemodule;
				SWIFT_OPTIMIZATION_LEVEL = "-O";
				VALIDATE_PRODUCT = YES;
			};
			name = Release;
		};
		F36804FB23DEE7CD0054361A /* Debug */ = {
			isa = XCBuildConfiguration;
			buildSettings = {
				ASSETCATALOG_COMPILER_APPICON_NAME = AppIcon;
				CODE_SIGN_STYLE = Automatic;
				DEVELOPMENT_TEAM = YJ2U97422Q;
				INFOPLIST_FILE = WKWebViewAndUIAlertCOntroller/Info.plist;
				LD_RUNPATH_SEARCH_PATHS = (
					"$(inherited)",
					"@executable_path/Frameworks",
				);
				PRODUCT_BUNDLE_IDENTIFIER = com.elena.WKWebViewAndUIAlertCOntroller;
				PRODUCT_NAME = "$(TARGET_NAME)";
				SWIFT_VERSION = 5.0;
				TARGETED_DEVICE_FAMILY = "1,2";
			};
			name = Debug;
		};
		F36804FC23DEE7CD0054361A /* Release */ = {
			isa = XCBuildConfiguration;
			buildSettings = {
				ASSETCATALOG_COMPILER_APPICON_NAME = AppIcon;
				CODE_SIGN_STYLE = Automatic;
				DEVELOPMENT_TEAM = YJ2U97422Q;
				INFOPLIST_FILE = WKWebViewAndUIAlertCOntroller/Info.plist;
				LD_RUNPATH_SEARCH_PATHS = (
					"$(inherited)",
					"@executable_path/Frameworks",
				);
				PRODUCT_BUNDLE_IDENTIFIER = com.elena.WKWebViewAndUIAlertCOntroller;
				PRODUCT_NAME = "$(TARGET_NAME)";
				SWIFT_VERSION = 5.0;
				TARGETED_DEVICE_FAMILY = "1,2";
			};
			name = Release;
		};
/* End XCBuildConfiguration section */

/* Begin XCConfigurationList section */
		F36804E123DEE7CA0054361A /* Build configuration list for PBXProject "WKWebViewAndUIAlertCOntroller" */ = {
			isa = XCConfigurationList;
			buildConfigurations = (
				F36804F823DEE7CD0054361A /* Debug */,
				F36804F923DEE7CD0054361A /* Release */,
			);
			defaultConfigurationIsVisible = 0;
			defaultConfigurationName = Release;
		};
		F36804FA23DEE7CD0054361A /* Build configuration list for PBXNativeTarget "WKWebViewAndUIAlertCOntroller" */ = {
			isa = XCConfigurationList;
			buildConfigurations = (
				F36804FB23DEE7CD0054361A /* Debug */,
				F36804FC23DEE7CD0054361A /* Release */,
			);
			defaultConfigurationIsVisible = 0;
			defaultConfigurationName = Release;
		};
/* End XCConfigurationList section */
	};
	rootObject = F36804DE23DEE7CA0054361A /* Project object */;
}
